
Microsoft Visual Studio Solution File, Format Version 12.00
# Visual Studio Version 17
VisualStudioVersion = 17.10.35122.118
MinimumVisualStudioVersion = 10.0.40219.1
Project("{FAE04EC0-301F-11D3-BF4B-00C04F79EFBC}") = "TP1Prog", "WindowsFormsApp1\TP1Prog.csproj", "{2129578B-8BA8-4C70-B0AF-8CF25E18CE76}"
EndProject
Global
	GlobalSection(SolutionConfigurationPlatforms) = preSolution
		Debug|Any CPU = Debug|Any CPU
		Release|Any CPU = Release|Any CPU
	EndGlobalSection
	GlobalSection(ProjectConfigurationPlatforms) = postSolution
		{2129578B-8BA8-4C70-B0AF-8CF25E18CE76}.Debug|Any CPU.ActiveCfg = Debug|Any CPU
		{2129578B-8BA8-4C70-B0AF-8CF25E18CE76}.Debug|Any CPU.Build.0 = Debug|Any CPU
		{2129578B-8BA8-4C70-B0AF-8CF25E18CE76}.Release|Any CPU.ActiveCfg = Release|Any CPU
		{2129578B-8BA8-4C70-B0AF-8CF25E18CE76}.Release|Any CPU.Build.0 = Release|Any CPU
	EndGlobalSection
	GlobalSection(SolutionProperties) = preSolution
		HideSolutionNode = FALSE
	EndGlobalSection
	GlobalSection(ExtensibilityGlobals) = postSolution
		SolutionGuid = {CBD3EA29-D5DF-4FC4-9464-7A4DC251B18F}
	EndGlobalSection
EndGlobal
